
Microsoft Visual Studio Solution File, Format Version 12.00
# Visual Studio Version 17
VisualStudioVersion = 17.4.33213.308
MinimumVisualStudioVersion = 10.0.40219.1
Project("{9A19103F-16F7-4668-BE54-9A1E7A4F7556}") = "FibonacciArray", "ArrayExamples\FibonacciArray.csproj", "{AAD7CC06-98DD-49DB-8155-2A0B13ABBDA3}"
EndProject
Project("{9A19103F-16F7-4668-BE54-9A1E7A4F7556}") = "2BoyutluDizi", "2BoyutluDizi\2BoyutluDizi.csproj", "{123EA970-86D1-46FC-85CC-602E6BFDA7E0}"
EndProject
Project("{9A19103F-16F7-4668-BE54-9A1E7A4F7556}") = "Enumeration", "RandomExample\Enumeration.csproj", "{C71E2A6B-77D5-44A4-B052-12C24FD6D432}"
EndProject
Project("{FAE04EC0-301F-11D3-BF4B-00C04F79EFBC}") = "NullOperators", "Example\NullOperators.csproj", "{766C4F79-68A5-4429-8665-38B376AEEBD7}"
EndProject
Project("{FAE04EC0-301F-11D3-BF4B-00C04F79EFBC}") = "ExceptionHandling", "ExceptionHandling\ExceptionHandling.csproj", "{2B204415-4601-4F94-80FE-23664DCCBDAB}"
EndProject
Global
	GlobalSection(SolutionConfigurationPlatforms) = preSolution
		Debug|Any CPU = Debug|Any CPU
		Release|Any CPU = Release|Any CPU
	EndGlobalSection
	GlobalSection(ProjectConfigurationPlatforms) = postSolution
		{AAD7CC06-98DD-49DB-8155-2A0B13ABBDA3}.Debug|Any CPU.ActiveCfg = Debug|Any CPU
		{AAD7CC06-98DD-49DB-8155-2A0B13ABBDA3}.Debug|Any CPU.Build.0 = Debug|Any CPU
		{AAD7CC06-98DD-49DB-8155-2A0B13ABBDA3}.Release|Any CPU.ActiveCfg = Release|Any CPU
		{AAD7CC06-98DD-49DB-8155-2A0B13ABBDA3}.Release|Any CPU.Build.0 = Release|Any CPU
		{123EA970-86D1-46FC-85CC-602E6BFDA7E0}.Debug|Any CPU.ActiveCfg = Debug|Any CPU
		{123EA970-86D1-46FC-85CC-602E6BFDA7E0}.Debug|Any CPU.Build.0 = Debug|Any CPU
		{123EA970-86D1-46FC-85CC-602E6BFDA7E0}.Release|Any CPU.ActiveCfg = Release|Any CPU
		{123EA970-86D1-46FC-85CC-602E6BFDA7E0}.Release|Any CPU.Build.0 = Release|Any CPU
		{C71E2A6B-77D5-44A4-B052-12C24FD6D432}.Debug|Any CPU.ActiveCfg = Debug|Any CPU
		{C71E2A6B-77D5-44A4-B052-12C24FD6D432}.Debug|Any CPU.Build.0 = Debug|Any CPU
		{C71E2A6B-77D5-44A4-B052-12C24FD6D432}.Release|Any CPU.ActiveCfg = Release|Any CPU
		{C71E2A6B-77D5-44A4-B052-12C24FD6D432}.Release|Any CPU.Build.0 = Release|Any CPU
		{766C4F79-68A5-4429-8665-38B376AEEBD7}.Debug|Any CPU.ActiveCfg = Debug|Any CPU
		{766C4F79-68A5-4429-8665-38B376AEEBD7}.Debug|Any CPU.Build.0 = Debug|Any CPU
		{766C4F79-68A5-4429-8665-38B376AEEBD7}.Release|Any CPU.ActiveCfg = Release|Any CPU
		{766C4F79-68A5-4429-8665-38B376AEEBD7}.Release|Any CPU.Build.0 = Release|Any CPU
		{2B204415-4601-4F94-80FE-23664DCCBDAB}.Debug|Any CPU.ActiveCfg = Debug|Any CPU
		{2B204415-4601-4F94-80FE-23664DCCBDAB}.Debug|Any CPU.Build.0 = Debug|Any CPU
		{2B204415-4601-4F94-80FE-23664DCCBDAB}.Release|Any CPU.ActiveCfg = Release|Any CPU
		{2B204415-4601-4F94-80FE-23664DCCBDAB}.Release|Any CPU.Build.0 = Release|Any CPU
	EndGlobalSection
	GlobalSection(SolutionProperties) = preSolution
		HideSolutionNode = FALSE
	EndGlobalSection
	GlobalSection(ExtensibilityGlobals) = postSolution
		SolutionGuid = {96BC1F76-0F82-489E-A186-28627A0B9287}
	EndGlobalSection
EndGlobal
